{
  "version": 4,
  "terraform_version": "1.3.9",
  "serial": 30,
  "lineage": "c97af83b-bcc8-3938-d38a-96874d4f393a",
  "outputs": {},
  "resources": [
    {
      "mode": "data",
      "type": "openstack_networking_network_v2",
      "name": "public",
      "provider": "provider[\"registry.terraform.io/terraform-providers/openstack\"]",
      "instances": [
        {
          "schema_version": 0,
          "attributes": {
            "admin_state_up": "true",
            "all_tags": [],
            "availability_zone_hints": [],
            "description": "Network to expose floating IPs",
            "dns_domain": "",
            "external": true,
            "id": "038e7eda-28e0-4637-8690-7e6faf20486f",
            "matching_subnet_cidr": null,
            "mtu": 1500,
            "name": "public",
            "network_id": null,
            "region": "",
            "shared": "false",
            "status": null,
            "subnets": [
              "188dd554-f208-4ce9-b63d-1cebf81a75ee"
            ],
            "tags": null,
            "tenant_id": "5f0912513b984a24b4e412a407fcd32c",
            "transparent_vlan": false
          },
          "sensitive_attributes": []
        }
      ]
    },
    {
      "mode": "managed",
      "type": "openstack_compute_floatingip_associate_v2",
      "name": "fip_1",
      "provider": "provider[\"registry.terraform.io/terraform-providers/openstack\"]",
      "instances": [
        {
          "schema_version": 0,
          "attributes": {
            "fixed_ip": "",
            "floating_ip": "10.190.48.104",
            "id": "10.190.48.104/bd89ac0f-3584-4c8a-9da0-d5adf325a343/",
            "instance_id": "bd89ac0f-3584-4c8a-9da0-d5adf325a343",
            "region": "",
            "timeouts": null,
            "wait_until_associated": null
          },
          "sensitive_attributes": [],
          "private": "eyJlMmJmYjczMC1lY2FhLTExZTYtOGY4OC0zNDM2M2JjN2M0YzAiOnsiY3JlYXRlIjo2MDAwMDAwMDAwMDB9fQ==",
          "dependencies": [
            "openstack_compute_instance_v2.instance-tp",
            "openstack_networking_floatingip_v2.floatip_1",
            "openstack_networking_network_v2.network",
            "openstack_networking_secgroup_v2.http-tp",
            "openstack_networking_secgroup_v2.secgroup-projet"
          ]
        }
      ]
    },
    {
      "mode": "managed",
      "type": "openstack_compute_instance_v2",
      "name": "instance-tp",
      "provider": "provider[\"registry.terraform.io/terraform-providers/openstack\"]",
      "instances": [
        {
          "schema_version": 0,
          "attributes": {
            "access_ip_v4": "192.168.1.174",
            "access_ip_v6": "",
            "admin_pass": null,
            "all_metadata": {
              "this": "that"
            },
            "all_tags": [],
            "availability_zone": "iaas",
            "availability_zone_hints": null,
            "block_device": [],
            "config_drive": null,
            "created": "2023-03-14 14:49:08 +0000 UTC",
            "flavor_id": "7c65f055-765b-4672-96d1-c9be3e88185a",
            "flavor_name": "v1.m1.d10",
            "floating_ip": null,
            "force_delete": false,
            "id": "bd89ac0f-3584-4c8a-9da0-d5adf325a343",
            "image_id": "375ed21c-0c1e-45b8-8c83-a5556adcfff9",
            "image_name": "be-ys-debian11",
            "key_pair": "",
            "metadata": {
              "this": "that"
            },
            "name": "basic2",
            "network": [
              {
                "access_network": false,
                "fixed_ip_v4": "192.168.1.174",
                "fixed_ip_v6": "",
                "floating_ip": "",
                "mac": "fa:16:3e:e0:e2:33",
                "name": "network-projet",
                "port": "",
                "uuid": "ac8dc7aa-25fe-4643-82fb-215a6ae8075f"
              }
            ],
            "network_mode": null,
            "personality": [],
            "power_state": "active",
            "region": "",
            "scheduler_hints": [],
            "security_groups": [
              "default",
              "http-tp",
              "secgroup-projet"
            ],
            "stop_before_destroy": false,
            "tags": null,
            "timeouts": null,
            "updated": "2023-03-14 14:49:17 +0000 UTC",
            "user_data": null,
            "vendor_options": [],
            "volume": []
          },
          "sensitive_attributes": [],
          "private": "eyJlMmJmYjczMC1lY2FhLTExZTYtOGY4OC0zNDM2M2JjN2M0YzAiOnsiY3JlYXRlIjoxODAwMDAwMDAwMDAwLCJkZWxldGUiOjE4MDAwMDAwMDAwMDAsInVwZGF0ZSI6MTgwMDAwMDAwMDAwMH19",
          "dependencies": [
            "openstack_networking_network_v2.network",
            "openstack_networking_secgroup_v2.http-tp",
            "openstack_networking_secgroup_v2.secgroup-projet"
          ]
        }
      ]
    },
    {
      "mode": "managed",
      "type": "openstack_networking_floatingip_v2",
      "name": "floatip_1",
      "provider": "provider[\"registry.terraform.io/terraform-providers/openstack\"]",
      "instances": [
        {
          "schema_version": 0,
          "attributes": {
            "address": "10.190.48.104",
            "all_tags": [],
            "description": "",
            "dns_domain": "",
            "dns_name": "",
            "fixed_ip": "",
            "id": "f6290245-34e9-4c3a-ac95-779f57d50a0d",
            "pool": "public",
            "port_id": "",
            "region": "",
            "subnet_id": null,
            "subnet_ids": null,
            "tags": null,
            "tenant_id": "628feeaafd014d5a972d1fb2aea99842",
            "timeouts": null,
            "value_specs": null
          },
          "sensitive_attributes": [],
          "private": "eyJlMmJmYjczMC1lY2FhLTExZTYtOGY4OC0zNDM2M2JjN2M0YzAiOnsiY3JlYXRlIjo2MDAwMDAwMDAwMDAsImRlbGV0ZSI6NjAwMDAwMDAwMDAwfX0="
        }
      ]
    },
    {
      "mode": "managed",
      "type": "openstack_networking_network_v2",
      "name": "network",
      "provider": "provider[\"registry.terraform.io/terraform-providers/openstack\"]",
      "instances": [
        {
          "schema_version": 0,
          "attributes": {
            "admin_state_up": true,
            "all_tags": [],
            "availability_zone_hints": [],
            "description": "",
            "dns_domain": "",
            "external": false,
            "id": "ac8dc7aa-25fe-4643-82fb-215a6ae8075f",
            "mtu": 8950,
            "name": "network-projet",
            "port_security_enabled": false,
            "qos_policy_id": "",
            "region": "",
            "segments": [],
            "shared": false,
            "tags": [],
            "tenant_id": "628feeaafd014d5a972d1fb2aea99842",
            "timeouts": null,
            "transparent_vlan": false,
            "value_specs": null
          },
          "sensitive_attributes": [],
          "private": "eyJlMmJmYjczMC1lY2FhLTExZTYtOGY4OC0zNDM2M2JjN2M0YzAiOnsiY3JlYXRlIjo2MDAwMDAwMDAwMDAsImRlbGV0ZSI6NjAwMDAwMDAwMDAwfX0="
        }
      ]
    },
    {
      "mode": "managed",
      "type": "openstack_networking_port_v2",
      "name": "port_1",
      "provider": "provider[\"registry.terraform.io/terraform-providers/openstack\"]",
      "instances": [
        {
          "schema_version": 0,
          "attributes": {
            "admin_state_up": true,
            "all_fixed_ips": [
              "192.168.1.20"
            ],
            "all_security_group_ids": [
              "589dcc8a-21b5-438e-93fa-5b4a815f2381"
            ],
            "all_tags": [],
            "allowed_address_pairs": [],
            "binding": [
              {
                "host_id": "",
                "profile": "",
                "vif_details": {},
                "vif_type": "",
                "vnic_type": "normal"
              }
            ],
            "description": "",
            "device_id": "",
            "device_owner": "",
            "dns_assignment": [
              {
                "fqdn": "host-192-168-1-20.local.",
                "hostname": "host-192-168-1-20",
                "ip_address": "192.168.1.20"
              }
            ],
            "dns_name": "",
            "extra_dhcp_option": [],
            "fixed_ip": [],
            "id": "d9f20885-cf25-4b85-8e93-87cc52f367fb",
            "mac_address": "fa:16:3e:40:19:6f",
            "name": "",
            "network_id": "ac8dc7aa-25fe-4643-82fb-215a6ae8075f",
            "no_fixed_ip": null,
            "no_security_groups": null,
            "port_security_enabled": false,
            "qos_policy_id": "",
            "region": "",
            "security_group_ids": null,
            "tags": null,
            "tenant_id": "628feeaafd014d5a972d1fb2aea99842",
            "timeouts": null,
            "value_specs": null
          },
          "sensitive_attributes": [],
          "private": "eyJlMmJmYjczMC1lY2FhLTExZTYtOGY4OC0zNDM2M2JjN2M0YzAiOnsiY3JlYXRlIjo2MDAwMDAwMDAwMDAsImRlbGV0ZSI6NjAwMDAwMDAwMDAwfX0=",
          "dependencies": [
            "openstack_networking_network_v2.network"
          ]
        }
      ]
    },
    {
      "mode": "managed",
      "type": "openstack_networking_router_interface_v2",
      "name": "interface",
      "provider": "provider[\"registry.terraform.io/terraform-providers/openstack\"]",
      "instances": [
        {
          "schema_version": 0,
          "attributes": {
            "id": "16544254-8f8d-40e1-b8aa-fe2cdb40a1b1",
            "port_id": "16544254-8f8d-40e1-b8aa-fe2cdb40a1b1",
            "region": "",
            "router_id": "0b26442e-3701-4f67-8925-1dcc7ae90656",
            "subnet_id": "a327f3fb-2040-4709-8086-2df7cc73220b",
            "timeouts": null
          },
          "sensitive_attributes": [],
          "private": "eyJlMmJmYjczMC1lY2FhLTExZTYtOGY4OC0zNDM2M2JjN2M0YzAiOnsiY3JlYXRlIjo2MDAwMDAwMDAwMDAsImRlbGV0ZSI6NjAwMDAwMDAwMDAwfX0=",
          "dependencies": [
            "data.openstack_networking_network_v2.public",
            "openstack_networking_network_v2.network",
            "openstack_networking_router_v2.global",
            "openstack_networking_subnet_v2.subnet"
          ]
        }
      ]
    },
    {
      "mode": "managed",
      "type": "openstack_networking_router_v2",
      "name": "global",
      "provider": "provider[\"registry.terraform.io/terraform-providers/openstack\"]",
      "instances": [
        {
          "schema_version": 0,
          "attributes": {
            "admin_state_up": true,
            "all_tags": [],
            "availability_zone_hints": [],
            "description": "",
            "distributed": false,
            "enable_snat": true,
            "external_fixed_ip": [
              {
                "ip_address": "10.190.48.102",
                "subnet_id": "188dd554-f208-4ce9-b63d-1cebf81a75ee"
              }
            ],
            "external_gateway": "038e7eda-28e0-4637-8690-7e6faf20486f",
            "external_network_id": "038e7eda-28e0-4637-8690-7e6faf20486f",
            "external_subnet_ids": null,
            "id": "0b26442e-3701-4f67-8925-1dcc7ae90656",
            "name": "global",
            "region": "",
            "tags": [],
            "tenant_id": "628feeaafd014d5a972d1fb2aea99842",
            "timeouts": null,
            "value_specs": null,
            "vendor_options": []
          },
          "sensitive_attributes": [],
          "private": "eyJlMmJmYjczMC1lY2FhLTExZTYtOGY4OC0zNDM2M2JjN2M0YzAiOnsiY3JlYXRlIjo2MDAwMDAwMDAwMDAsImRlbGV0ZSI6NjAwMDAwMDAwMDAwfX0=",
          "dependencies": [
            "data.openstack_networking_network_v2.public"
          ]
        }
      ]
    },
    {
      "mode": "managed",
      "type": "openstack_networking_secgroup_rule_v2",
      "name": "rule",
      "provider": "provider[\"registry.terraform.io/terraform-providers/openstack\"]",
      "instances": [
        {
          "schema_version": 0,
          "attributes": {
            "description": "",
            "direction": "ingress",
            "ethertype": "IPv4",
            "id": "cb6f7491-fa6f-44fb-ab01-9664f4d3b34e",
            "port_range_max": 22,
            "port_range_min": 22,
            "protocol": "tcp",
            "region": "",
            "remote_group_id": "",
            "remote_ip_prefix": "0.0.0.0/0",
            "security_group_id": "50bcfaa4-7f08-4517-86b2-3dd6ca15fe6f",
            "tenant_id": "628feeaafd014d5a972d1fb2aea99842",
            "timeouts": null
          },
          "sensitive_attributes": [],
          "private": "eyJlMmJmYjczMC1lY2FhLTExZTYtOGY4OC0zNDM2M2JjN2M0YzAiOnsiZGVsZXRlIjo2MDAwMDAwMDAwMDB9fQ==",
          "dependencies": [
            "openstack_networking_secgroup_v2.secgroup-projet"
          ]
        }
      ]
    },
    {
      "mode": "managed",
      "type": "openstack_networking_secgroup_rule_v2",
      "name": "rule_http",
      "provider": "provider[\"registry.terraform.io/terraform-providers/openstack\"]",
      "instances": [
        {
          "schema_version": 0,
          "attributes": {
            "description": "",
            "direction": "ingress",
            "ethertype": "IPv4",
            "id": "a2384dc0-0624-43b1-9b4a-6019b639f266",
            "port_range_max": 80,
            "port_range_min": 80,
            "protocol": "tcp",
            "region": "",
            "remote_group_id": "",
            "remote_ip_prefix": "0.0.0.0/0",
            "security_group_id": "0ccd94e1-0b4c-48d3-8de5-d7d7415ac0fc",
            "tenant_id": "628feeaafd014d5a972d1fb2aea99842",
            "timeouts": null
          },
          "sensitive_attributes": [],
          "private": "eyJlMmJmYjczMC1lY2FhLTExZTYtOGY4OC0zNDM2M2JjN2M0YzAiOnsiZGVsZXRlIjo2MDAwMDAwMDAwMDB9fQ==",
          "dependencies": [
            "openstack_networking_secgroup_v2.http-tp"
          ]
        }
      ]
    },
    {
      "mode": "managed",
      "type": "openstack_networking_secgroup_v2",
      "name": "http-tp",
      "provider": "provider[\"registry.terraform.io/terraform-providers/openstack\"]",
      "instances": [
        {
          "schema_version": 0,
          "attributes": {
            "all_tags": [],
            "delete_default_rules": null,
            "description": "",
            "id": "0ccd94e1-0b4c-48d3-8de5-d7d7415ac0fc",
            "name": "http-tp",
            "region": "",
            "tags": [],
            "tenant_id": "628feeaafd014d5a972d1fb2aea99842",
            "timeouts": null
          },
          "sensitive_attributes": [],
          "private": "eyJlMmJmYjczMC1lY2FhLTExZTYtOGY4OC0zNDM2M2JjN2M0YzAiOnsiZGVsZXRlIjo2MDAwMDAwMDAwMDB9fQ=="
        }
      ]
    },
    {
      "mode": "managed",
      "type": "openstack_networking_secgroup_v2",
      "name": "secgroup-projet",
      "provider": "provider[\"registry.terraform.io/terraform-providers/openstack\"]",
      "instances": [
        {
          "schema_version": 0,
          "attributes": {
            "all_tags": [],
            "delete_default_rules": null,
            "description": "",
            "id": "50bcfaa4-7f08-4517-86b2-3dd6ca15fe6f",
            "name": "secgroup-projet",
            "region": "",
            "tags": [],
            "tenant_id": "628feeaafd014d5a972d1fb2aea99842",
            "timeouts": null
          },
          "sensitive_attributes": [],
          "private": "eyJlMmJmYjczMC1lY2FhLTExZTYtOGY4OC0zNDM2M2JjN2M0YzAiOnsiZGVsZXRlIjo2MDAwMDAwMDAwMDB9fQ=="
        }
      ]
    },
    {
      "mode": "managed",
      "type": "openstack_networking_subnet_v2",
      "name": "subnet",
      "provider": "provider[\"registry.terraform.io/terraform-providers/openstack\"]",
      "instances": [
        {
          "schema_version": 0,
          "attributes": {
            "all_tags": [],
            "allocation_pool": [
              {
                "end": "192.168.1.254",
                "start": "192.168.1.2"
              }
            ],
            "allocation_pools": [
              {
                "end": "192.168.1.254",
                "start": "192.168.1.2"
              }
            ],
            "cidr": "192.168.1.0/24",
            "description": "",
            "dns_nameservers": [],
            "enable_dhcp": true,
            "gateway_ip": "192.168.1.1",
            "host_routes": [],
            "id": "a327f3fb-2040-4709-8086-2df7cc73220b",
            "ip_version": 4,
            "ipv6_address_mode": "",
            "ipv6_ra_mode": "",
            "name": "network-projet-subnet",
            "network_id": "ac8dc7aa-25fe-4643-82fb-215a6ae8075f",
            "no_gateway": false,
            "prefix_length": null,
            "region": "",
            "service_types": [],
            "subnetpool_id": "",
            "tags": [],
            "tenant_id": "628feeaafd014d5a972d1fb2aea99842",
            "timeouts": null,
            "value_specs": null
          },
          "sensitive_attributes": [],
          "private": "eyJlMmJmYjczMC1lY2FhLTExZTYtOGY4OC0zNDM2M2JjN2M0YzAiOnsiY3JlYXRlIjo2MDAwMDAwMDAwMDAsImRlbGV0ZSI6NjAwMDAwMDAwMDAwfX0=",
          "dependencies": [
            "openstack_networking_network_v2.network"
          ]
        }
      ]
    }
  ],
  "check_results": null
}
